
Microsoft Visual Studio Solution File, Format Version 12.00
# Visual Studio Version 16
VisualStudioVersion = 16.0.30804.86
MinimumVisualStudioVersion = 10.0.40219.1
Project("{FAE04EC0-301F-11D3-BF4B-00C04F79EFBC}") = "Hallo", "Hallo\Hallo.csproj", "{11BE9FA0-58B6-4C2B-B2CC-0E36701DD1BC}"
EndProject
Global
	GlobalSection(SolutionConfigurationPlatforms) = preSolution
		Debug|Any CPU = Debug|Any CPU
		Release|Any CPU = Release|Any CPU
	EndGlobalSection
	GlobalSection(ProjectConfigurationPlatforms) = postSolution
		{11BE9FA0-58B6-4C2B-B2CC-0E36701DD1BC}.Debug|Any CPU.ActiveCfg = Debug|Any CPU
		{11BE9FA0-58B6-4C2B-B2CC-0E36701DD1BC}.Debug|Any CPU.Build.0 = Debug|Any CPU
		{11BE9FA0-58B6-4C2B-B2CC-0E36701DD1BC}.Release|Any CPU.ActiveCfg = Release|Any CPU
		{11BE9FA0-58B6-4C2B-B2CC-0E36701DD1BC}.Release|Any CPU.Build.0 = Release|Any CPU
	EndGlobalSection
	GlobalSection(SolutionProperties) = preSolution
		HideSolutionNode = FALSE
	EndGlobalSection
	GlobalSection(ExtensibilityGlobals) = postSolution
		SolutionGuid = {136AC041-74A8-4F43-B44C-20D1B11D701B}
	EndGlobalSection
EndGlobal
